
Microsoft Visual Studio Solution File, Format Version 12.00
# Visual Studio Version 17
VisualStudioVersion = 17.14.36414.22 d17.14
MinimumVisualStudioVersion = 10.0.40219.1
Project("{2150E333-8FDC-42A3-9474-1A3956D46DE8}") = "Task0", "Task0", "{36D591C7-65C7-A0D1-1CBC-10CDE441BDC8}"
EndProject
Project("{FAE04EC0-301F-11D3-BF4B-00C04F79EFBC}") = "Tyuiu.RochevYA.Sprint0.Task0.V0", "Task0\Tyuiu.RochevYA.Sprint0.Task0.V0\Tyuiu.RochevYA.Sprint0.Task0.V0.csproj", "{99C42A81-C9B6-40DE-90FB-30778D9F3048}"
EndProject
Project("{2150E333-8FDC-42A3-9474-1A3956D46DE8}") = "Task1", "Task1", "{29A609D4-B1FB-41DE-ABC7-21DAA58A67F2}"
EndProject
Project("{FAE04EC0-301F-11D3-BF4B-00C04F79EFBC}") = "Tyuiu.RochevYA.Sprint0.Task1.V0", "Task1\Tyuiu.RochevYA.Sprint0.Task1.V0\Tyuiu.RochevYA.Sprint0.Task1.V0.csproj", "{EDCCDBDB-159B-48BB-A0DE-24E394538BF0}"
EndProject
Global
	GlobalSection(SolutionConfigurationPlatforms) = preSolution
		Debug|Any CPU = Debug|Any CPU
		Release|Any CPU = Release|Any CPU
	EndGlobalSection
	GlobalSection(ProjectConfigurationPlatforms) = postSolution
		{99C42A81-C9B6-40DE-90FB-30778D9F3048}.Debug|Any CPU.ActiveCfg = Debug|Any CPU
		{99C42A81-C9B6-40DE-90FB-30778D9F3048}.Debug|Any CPU.Build.0 = Debug|Any CPU
		{99C42A81-C9B6-40DE-90FB-30778D9F3048}.Release|Any CPU.ActiveCfg = Release|Any CPU
		{99C42A81-C9B6-40DE-90FB-30778D9F3048}.Release|Any CPU.Build.0 = Release|Any CPU
		{EDCCDBDB-159B-48BB-A0DE-24E394538BF0}.Debug|Any CPU.ActiveCfg = Debug|Any CPU
		{EDCCDBDB-159B-48BB-A0DE-24E394538BF0}.Debug|Any CPU.Build.0 = Debug|Any CPU
		{EDCCDBDB-159B-48BB-A0DE-24E394538BF0}.Release|Any CPU.ActiveCfg = Release|Any CPU
		{EDCCDBDB-159B-48BB-A0DE-24E394538BF0}.Release|Any CPU.Build.0 = Release|Any CPU
	EndGlobalSection
	GlobalSection(SolutionProperties) = preSolution
		HideSolutionNode = FALSE
	EndGlobalSection
	GlobalSection(NestedProjects) = preSolution
		{99C42A81-C9B6-40DE-90FB-30778D9F3048} = {36D591C7-65C7-A0D1-1CBC-10CDE441BDC8}
		{EDCCDBDB-159B-48BB-A0DE-24E394538BF0} = {29A609D4-B1FB-41DE-ABC7-21DAA58A67F2}
	EndGlobalSection
	GlobalSection(ExtensibilityGlobals) = postSolution
		SolutionGuid = {DBF8CC25-ACBE-437B-98AD-C292F828F361}
	EndGlobalSection
EndGlobal
