
Microsoft Visual Studio Solution File, Format Version 12.00
# Visual Studio Version 17
VisualStudioVersion = 17.14.36414.22
MinimumVisualStudioVersion = 10.0.40219.1
Project("{2150E333-8FDC-42A3-9474-1A3956D46DE8}") = "Task0", "Task0", "{36D591C7-65C7-A0D1-1CBC-10CDE441BDC8}"
EndProject
Project("{FAE04EC0-301F-11D3-BF4B-00C04F79EFBC}") = "Tyuiu.RochevYA.Sprint0.Task0.V0", "Task0\Tyuiu.RochevYA.Sprint0.Task0.V0\Tyuiu.RochevYA.Sprint0.Task0.V0.csproj", "{99C42A81-C9B6-40DE-90FB-30778D9F3048}"
EndProject
Project("{2150E333-8FDC-42A3-9474-1A3956D46DE8}") = "Task1", "Task1", "{29A609D4-B1FB-41DE-ABC7-21DAA58A67F2}"
EndProject
Project("{FAE04EC0-301F-11D3-BF4B-00C04F79EFBC}") = "Tyuiu.RochevYA.Sprint0.Task1.V0", "Task1\Tyuiu.RochevYA.Sprint0.Task1.V0\Tyuiu.RochevYA.Sprint0.Task1.V0.csproj", "{EDCCDBDB-159B-48BB-A0DE-24E394538BF0}"
EndProject
Project("{2150E333-8FDC-42A3-9474-1A3956D46DE8}") = "Task2", "Task2", "{17DA7728-9B48-492D-B97A-07A9A1F9C9D5}"
EndProject
Project("{FAE04EC0-301F-11D3-BF4B-00C04F79EFBC}") = "Tyuiu.RochevYA.Sprint0.Task2.V0", "Task2\Tyuiu.RochevYA.Sprint0.Task2.V0\Tyuiu.RochevYA.Sprint0.Task2.V0.csproj", "{6B591D2F-5695-4C1E-8730-817ABDC28090}"
EndProject
Project("{FAE04EC0-301F-11D3-BF4B-00C04F79EFBC}") = "Tyuiu.RochevYA.Sprint0.Task2.V0.Lib", "Tyuiu.RochevYA.Sprint0.Task2.V0.Lib\Tyuiu.RochevYA.Sprint0.Task2.V0.Lib.csproj", "{2D69AD8D-26EA-46EE-A328-20B607BFBF0E}"
EndProject
Project("{FAE04EC0-301F-11D3-BF4B-00C04F79EFBC}") = "Tyuiu.RochevYA.Sprint0.Task2.V0.Test", "Task2\Tyuiu.RochevYA.Sprint0.Task2.V0.Test\Tyuiu.RochevYA.Sprint0.Task2.V0.Test.csproj", "{CD89CDF2-CB96-485C-A51B-26ACCEF9275C}"
EndProject
Project("{2150E333-8FDC-42A3-9474-1A3956D46DE8}") = "Task3", "Task3", "{F9596E13-9D99-4F41-9E59-B3C73592673A}"
EndProject
Project("{FAE04EC0-301F-11D3-BF4B-00C04F79EFBC}") = "Tyuiu.RochevYA.Sprint0.Task3.V0", "Task3\Tyuiu.RochevYA.Sprint0.Task3.V0\Tyuiu.RochevYA.Sprint0.Task3.V0.csproj", "{5A021793-000E-4D02-B4DE-8FAE58A80BAD}"
EndProject
Project("{FAE04EC0-301F-11D3-BF4B-00C04F79EFBC}") = "Tyuiu.RochevYA.Sprint0.Task3.V0.Lib", "Task3\Tyuiu.RochevYA.Sprint0.Task3.V0.Lib\Tyuiu.RochevYA.Sprint0.Task3.V0.Lib.csproj", "{E875204E-280D-4DDE-82D8-CD94FEDD37A0}"
EndProject
Project("{FAE04EC0-301F-11D3-BF4B-00C04F79EFBC}") = "Tyuiu.RochevYA.Sprint0.Task3.V0.Test", "Task3\Tyuiu.RochevYA.Sprint0.Task3.V0.Test\Tyuiu.RochevYA.Sprint0.Task3.V0.Test.csproj", "{DC09C75D-0E87-4D36-91F0-D1607127ADB1}"
EndProject
Project("{2150E333-8FDC-42A3-9474-1A3956D46DE8}") = "Task4", "Task4", "{0249D90A-21C0-4ABB-9510-976527013C08}"
EndProject
Project("{FAE04EC0-301F-11D3-BF4B-00C04F79EFBC}") = "Tyuiu.RochevYA.Sprint0.Task4.V0", "Task4\Tyuiu.RochevYA.Sprint0.Task4.V0\Tyuiu.RochevYA.Sprint0.Task4.V0.csproj", "{3046AD41-CEAC-44E2-A2FD-CB7EDF266151}"
EndProject
Project("{FAE04EC0-301F-11D3-BF4B-00C04F79EFBC}") = "Tyuiu.RochevYA.Sprint0.Task4.V0.Lib", "Task4\Tyuiu.RochevYA.Sprint0.Task4.V0.Lib\Tyuiu.RochevYA.Sprint0.Task4.V0.Lib.csproj", "{098C7EAF-99B5-40F1-BAB0-D28E987F0152}"
EndProject
Project("{FAE04EC0-301F-11D3-BF4B-00C04F79EFBC}") = "Tyuiu.RochevYA.Sprint0.Task4.V0.Test", "Task4\Tyuiu.RochevYA.Sprint0.Task4.V0.Test\Tyuiu.RochevYA.Sprint0.Task4.V0.Test.csproj", "{88126C63-6DBC-4C57-97CC-336204512E6B}"
EndProject
Project("{2150E333-8FDC-42A3-9474-1A3956D46DE8}") = "Task5", "Task5", "{00E9D66F-374D-43BE-93C6-8820D1DE9EF7}"
EndProject
Project("{FAE04EC0-301F-11D3-BF4B-00C04F79EFBC}") = "Tyuiu.RochevYA.Sprint0.Task5.V0", "Task5\Tyuiu.RochevYA.Sprint0.Task5.V0\Tyuiu.RochevYA.Sprint0.Task5.V0.csproj", "{B8F4DBBB-6356-43E2-8083-FDD857916BD4}"
EndProject
Project("{FAE04EC0-301F-11D3-BF4B-00C04F79EFBC}") = "Tyuiu.RochevYA.Sprint0.Task5.V0.Lib", "Task5\Tyuiu.RochevYA.Sprint0.Task5.V0.Lib\Tyuiu.RochevYA.Sprint0.Task5.V0.Lib.csproj", "{5C4018A1-C654-4330-A2BD-691BF8328B9A}"
EndProject
Project("{FAE04EC0-301F-11D3-BF4B-00C04F79EFBC}") = "Tyuiu.RochevYA.Sprint0.Task5.V0.Test", "Task5\Tyuiu.RochevYA.Sprint0.Task5.V0.Test\Tyuiu.RochevYA.Sprint0.Task5.V0.Test.csproj", "{60D52712-CFDD-4FE5-9A43-9EE3C807E4A5}"
EndProject
Project("{2150E333-8FDC-42A3-9474-1A3956D46DE8}") = "Task6", "Task6", "{2630AE4E-33AE-485D-8B17-7D39BD1D8B06}"
EndProject
Project("{FAE04EC0-301F-11D3-BF4B-00C04F79EFBC}") = "Tyuiu.RochevYA.Sprint0.Task6.V0", "Task6\Tyuiu.RochevYA.Sprint0.Task6.V0\Tyuiu.RochevYA.Sprint0.Task6.V0.csproj", "{686748D9-77DD-4D85-AA14-41480DEB23D2}"
EndProject
Project("{FAE04EC0-301F-11D3-BF4B-00C04F79EFBC}") = "Tyuiu.RochevYA.Sprint0.Task6.V0.Lib", "Task6\Tyuiu.RochevYA.Sprint0.Task6.V0.Lib\Tyuiu.RochevYA.Sprint0.Task6.V0.Lib.csproj", "{20E2C974-2153-4C85-A3CD-F6CBA07B97E8}"
EndProject
Project("{FAE04EC0-301F-11D3-BF4B-00C04F79EFBC}") = "Tyuiu.RochevYA.Sprint0.Task6.V0.Test", "Task6\Tyuiu.RochevYA.Sprint0.Task6.V0.Test\Tyuiu.RochevYA.Sprint0.Task6.V0.Test.csproj", "{E1DCD44E-5C3E-4E4D-89AD-5439302C0DCE}"
EndProject
Global
	GlobalSection(SolutionConfigurationPlatforms) = preSolution
		Debug|Any CPU = Debug|Any CPU
		Release|Any CPU = Release|Any CPU
	EndGlobalSection
	GlobalSection(ProjectConfigurationPlatforms) = postSolution
		{99C42A81-C9B6-40DE-90FB-30778D9F3048}.Debug|Any CPU.ActiveCfg = Debug|Any CPU
		{99C42A81-C9B6-40DE-90FB-30778D9F3048}.Debug|Any CPU.Build.0 = Debug|Any CPU
		{99C42A81-C9B6-40DE-90FB-30778D9F3048}.Release|Any CPU.ActiveCfg = Release|Any CPU
		{99C42A81-C9B6-40DE-90FB-30778D9F3048}.Release|Any CPU.Build.0 = Release|Any CPU
		{EDCCDBDB-159B-48BB-A0DE-24E394538BF0}.Debug|Any CPU.ActiveCfg = Debug|Any CPU
		{EDCCDBDB-159B-48BB-A0DE-24E394538BF0}.Debug|Any CPU.Build.0 = Debug|Any CPU
		{EDCCDBDB-159B-48BB-A0DE-24E394538BF0}.Release|Any CPU.ActiveCfg = Release|Any CPU
		{EDCCDBDB-159B-48BB-A0DE-24E394538BF0}.Release|Any CPU.Build.0 = Release|Any CPU
		{6B591D2F-5695-4C1E-8730-817ABDC28090}.Debug|Any CPU.ActiveCfg = Debug|Any CPU
		{6B591D2F-5695-4C1E-8730-817ABDC28090}.Debug|Any CPU.Build.0 = Debug|Any CPU
		{6B591D2F-5695-4C1E-8730-817ABDC28090}.Release|Any CPU.ActiveCfg = Release|Any CPU
		{6B591D2F-5695-4C1E-8730-817ABDC28090}.Release|Any CPU.Build.0 = Release|Any CPU
		{2D69AD8D-26EA-46EE-A328-20B607BFBF0E}.Debug|Any CPU.ActiveCfg = Debug|Any CPU
		{2D69AD8D-26EA-46EE-A328-20B607BFBF0E}.Debug|Any CPU.Build.0 = Debug|Any CPU
		{2D69AD8D-26EA-46EE-A328-20B607BFBF0E}.Release|Any CPU.ActiveCfg = Release|Any CPU
		{2D69AD8D-26EA-46EE-A328-20B607BFBF0E}.Release|Any CPU.Build.0 = Release|Any CPU
		{CD89CDF2-CB96-485C-A51B-26ACCEF9275C}.Debug|Any CPU.ActiveCfg = Debug|Any CPU
		{CD89CDF2-CB96-485C-A51B-26ACCEF9275C}.Debug|Any CPU.Build.0 = Debug|Any CPU
		{CD89CDF2-CB96-485C-A51B-26ACCEF9275C}.Release|Any CPU.ActiveCfg = Release|Any CPU
		{CD89CDF2-CB96-485C-A51B-26ACCEF9275C}.Release|Any CPU.Build.0 = Release|Any CPU
		{5A021793-000E-4D02-B4DE-8FAE58A80BAD}.Debug|Any CPU.ActiveCfg = Debug|Any CPU
		{5A021793-000E-4D02-B4DE-8FAE58A80BAD}.Debug|Any CPU.Build.0 = Debug|Any CPU
		{5A021793-000E-4D02-B4DE-8FAE58A80BAD}.Release|Any CPU.ActiveCfg = Release|Any CPU
		{5A021793-000E-4D02-B4DE-8FAE58A80BAD}.Release|Any CPU.Build.0 = Release|Any CPU
		{E875204E-280D-4DDE-82D8-CD94FEDD37A0}.Debug|Any CPU.ActiveCfg = Debug|Any CPU
		{E875204E-280D-4DDE-82D8-CD94FEDD37A0}.Debug|Any CPU.Build.0 = Debug|Any CPU
		{E875204E-280D-4DDE-82D8-CD94FEDD37A0}.Release|Any CPU.ActiveCfg = Release|Any CPU
		{E875204E-280D-4DDE-82D8-CD94FEDD37A0}.Release|Any CPU.Build.0 = Release|Any CPU
		{DC09C75D-0E87-4D36-91F0-D1607127ADB1}.Debug|Any CPU.ActiveCfg = Debug|Any CPU
		{DC09C75D-0E87-4D36-91F0-D1607127ADB1}.Debug|Any CPU.Build.0 = Debug|Any CPU
		{DC09C75D-0E87-4D36-91F0-D1607127ADB1}.Release|Any CPU.ActiveCfg = Release|Any CPU
		{DC09C75D-0E87-4D36-91F0-D1607127ADB1}.Release|Any CPU.Build.0 = Release|Any CPU
		{3046AD41-CEAC-44E2-A2FD-CB7EDF266151}.Debug|Any CPU.ActiveCfg = Debug|Any CPU
		{3046AD41-CEAC-44E2-A2FD-CB7EDF266151}.Debug|Any CPU.Build.0 = Debug|Any CPU
		{3046AD41-CEAC-44E2-A2FD-CB7EDF266151}.Release|Any CPU.ActiveCfg = Release|Any CPU
		{3046AD41-CEAC-44E2-A2FD-CB7EDF266151}.Release|Any CPU.Build.0 = Release|Any CPU
		{098C7EAF-99B5-40F1-BAB0-D28E987F0152}.Debug|Any CPU.ActiveCfg = Debug|Any CPU
		{098C7EAF-99B5-40F1-BAB0-D28E987F0152}.Debug|Any CPU.Build.0 = Debug|Any CPU
		{098C7EAF-99B5-40F1-BAB0-D28E987F0152}.Release|Any CPU.ActiveCfg = Release|Any CPU
		{098C7EAF-99B5-40F1-BAB0-D28E987F0152}.Release|Any CPU.Build.0 = Release|Any CPU
		{88126C63-6DBC-4C57-97CC-336204512E6B}.Debug|Any CPU.ActiveCfg = Debug|Any CPU
		{88126C63-6DBC-4C57-97CC-336204512E6B}.Debug|Any CPU.Build.0 = Debug|Any CPU
		{88126C63-6DBC-4C57-97CC-336204512E6B}.Release|Any CPU.ActiveCfg = Release|Any CPU
		{88126C63-6DBC-4C57-97CC-336204512E6B}.Release|Any CPU.Build.0 = Release|Any CPU
		{B8F4DBBB-6356-43E2-8083-FDD857916BD4}.Debug|Any CPU.ActiveCfg = Debug|Any CPU
		{B8F4DBBB-6356-43E2-8083-FDD857916BD4}.Debug|Any CPU.Build.0 = Debug|Any CPU
		{B8F4DBBB-6356-43E2-8083-FDD857916BD4}.Release|Any CPU.ActiveCfg = Release|Any CPU
		{B8F4DBBB-6356-43E2-8083-FDD857916BD4}.Release|Any CPU.Build.0 = Release|Any CPU
		{5C4018A1-C654-4330-A2BD-691BF8328B9A}.Debug|Any CPU.ActiveCfg = Debug|Any CPU
		{5C4018A1-C654-4330-A2BD-691BF8328B9A}.Debug|Any CPU.Build.0 = Debug|Any CPU
		{5C4018A1-C654-4330-A2BD-691BF8328B9A}.Release|Any CPU.ActiveCfg = Release|Any CPU
		{5C4018A1-C654-4330-A2BD-691BF8328B9A}.Release|Any CPU.Build.0 = Release|Any CPU
		{60D52712-CFDD-4FE5-9A43-9EE3C807E4A5}.Debug|Any CPU.ActiveCfg = Debug|Any CPU
		{60D52712-CFDD-4FE5-9A43-9EE3C807E4A5}.Debug|Any CPU.Build.0 = Debug|Any CPU
		{60D52712-CFDD-4FE5-9A43-9EE3C807E4A5}.Release|Any CPU.ActiveCfg = Release|Any CPU
		{60D52712-CFDD-4FE5-9A43-9EE3C807E4A5}.Release|Any CPU.Build.0 = Release|Any CPU
		{686748D9-77DD-4D85-AA14-41480DEB23D2}.Debug|Any CPU.ActiveCfg = Debug|Any CPU
		{686748D9-77DD-4D85-AA14-41480DEB23D2}.Debug|Any CPU.Build.0 = Debug|Any CPU
		{686748D9-77DD-4D85-AA14-41480DEB23D2}.Release|Any CPU.ActiveCfg = Release|Any CPU
		{686748D9-77DD-4D85-AA14-41480DEB23D2}.Release|Any CPU.Build.0 = Release|Any CPU
		{20E2C974-2153-4C85-A3CD-F6CBA07B97E8}.Debug|Any CPU.ActiveCfg = Debug|Any CPU
		{20E2C974-2153-4C85-A3CD-F6CBA07B97E8}.Debug|Any CPU.Build.0 = Debug|Any CPU
		{20E2C974-2153-4C85-A3CD-F6CBA07B97E8}.Release|Any CPU.ActiveCfg = Release|Any CPU
		{20E2C974-2153-4C85-A3CD-F6CBA07B97E8}.Release|Any CPU.Build.0 = Release|Any CPU
		{E1DCD44E-5C3E-4E4D-89AD-5439302C0DCE}.Debug|Any CPU.ActiveCfg = Debug|Any CPU
		{E1DCD44E-5C3E-4E4D-89AD-5439302C0DCE}.Debug|Any CPU.Build.0 = Debug|Any CPU
		{E1DCD44E-5C3E-4E4D-89AD-5439302C0DCE}.Release|Any CPU.ActiveCfg = Release|Any CPU
		{E1DCD44E-5C3E-4E4D-89AD-5439302C0DCE}.Release|Any CPU.Build.0 = Release|Any CPU
	EndGlobalSection
	GlobalSection(SolutionProperties) = preSolution
		HideSolutionNode = FALSE
	EndGlobalSection
	GlobalSection(NestedProjects) = preSolution
		{99C42A81-C9B6-40DE-90FB-30778D9F3048} = {36D591C7-65C7-A0D1-1CBC-10CDE441BDC8}
		{EDCCDBDB-159B-48BB-A0DE-24E394538BF0} = {29A609D4-B1FB-41DE-ABC7-21DAA58A67F2}
		{6B591D2F-5695-4C1E-8730-817ABDC28090} = {17DA7728-9B48-492D-B97A-07A9A1F9C9D5}
		{2D69AD8D-26EA-46EE-A328-20B607BFBF0E} = {17DA7728-9B48-492D-B97A-07A9A1F9C9D5}
		{CD89CDF2-CB96-485C-A51B-26ACCEF9275C} = {17DA7728-9B48-492D-B97A-07A9A1F9C9D5}
		{5A021793-000E-4D02-B4DE-8FAE58A80BAD} = {F9596E13-9D99-4F41-9E59-B3C73592673A}
		{E875204E-280D-4DDE-82D8-CD94FEDD37A0} = {F9596E13-9D99-4F41-9E59-B3C73592673A}
		{DC09C75D-0E87-4D36-91F0-D1607127ADB1} = {F9596E13-9D99-4F41-9E59-B3C73592673A}
		{3046AD41-CEAC-44E2-A2FD-CB7EDF266151} = {0249D90A-21C0-4ABB-9510-976527013C08}
		{098C7EAF-99B5-40F1-BAB0-D28E987F0152} = {0249D90A-21C0-4ABB-9510-976527013C08}
		{88126C63-6DBC-4C57-97CC-336204512E6B} = {0249D90A-21C0-4ABB-9510-976527013C08}
		{B8F4DBBB-6356-43E2-8083-FDD857916BD4} = {00E9D66F-374D-43BE-93C6-8820D1DE9EF7}
		{5C4018A1-C654-4330-A2BD-691BF8328B9A} = {00E9D66F-374D-43BE-93C6-8820D1DE9EF7}
		{60D52712-CFDD-4FE5-9A43-9EE3C807E4A5} = {00E9D66F-374D-43BE-93C6-8820D1DE9EF7}
		{686748D9-77DD-4D85-AA14-41480DEB23D2} = {2630AE4E-33AE-485D-8B17-7D39BD1D8B06}
		{20E2C974-2153-4C85-A3CD-F6CBA07B97E8} = {2630AE4E-33AE-485D-8B17-7D39BD1D8B06}
		{E1DCD44E-5C3E-4E4D-89AD-5439302C0DCE} = {2630AE4E-33AE-485D-8B17-7D39BD1D8B06}
	EndGlobalSection
	GlobalSection(ExtensibilityGlobals) = postSolution
		SolutionGuid = {DBF8CC25-ACBE-437B-98AD-C292F828F361}
	EndGlobalSection
EndGlobal
